
Microsoft Visual Studio Solution File, Format Version 12.00
# Visual Studio 15
VisualStudioVersion = 15.0.26403.7
MinimumVisualStudioVersion = 10.0.40219.1
Project("{FAE04EC0-301F-11D3-BF4B-00C04F79EFBC}") = "CoolBreeze.Android", "CoolBreeze\CoolBreeze.Android\CoolBreeze.Android.csproj", "{5CFEE7E2-7AF3-44D1-930A-B93DBAE2EF84}"
EndProject
Project("{FAE04EC0-301F-11D3-BF4B-00C04F79EFBC}") = "CoolBreeze", "CoolBreeze\CoolBreeze\CoolBreeze.csproj", "{DA99A2C5-0487-41B8-AB91-A7292606AA6C}"
EndProject
Project("{FAE04EC0-301F-11D3-BF4B-00C04F79EFBC}") = "CoolBreeze.UWP", "CoolBreeze\CoolBreeze.UWP\CoolBreeze.UWP.csproj", "{0183B88D-603C-43C7-8113-8C0CA5D49073}"
EndProject
Project("{FAE04EC0-301F-11D3-BF4B-00C04F79EFBC}") = "CoolBreeze.iOS", "CoolBreeze\CoolBreeze.iOS\CoolBreeze.iOS.csproj", "{37EE0617-0411-4E4D-8453-32BD8AAF078E}"
EndProject
Global
	GlobalSection(SolutionConfigurationPlatforms) = preSolution
		Ad-Hoc|Any CPU = Ad-Hoc|Any CPU
		Ad-Hoc|ARM = Ad-Hoc|ARM
		Ad-Hoc|iPhone = Ad-Hoc|iPhone
		Ad-Hoc|iPhoneSimulator = Ad-Hoc|iPhoneSimulator
		Ad-Hoc|x64 = Ad-Hoc|x64
		Ad-Hoc|x86 = Ad-Hoc|x86
		AppStore|Any CPU = AppStore|Any CPU
		AppStore|ARM = AppStore|ARM
		AppStore|iPhone = AppStore|iPhone
		AppStore|iPhoneSimulator = AppStore|iPhoneSimulator
		AppStore|x64 = AppStore|x64
		AppStore|x86 = AppStore|x86
		Debug|Any CPU = Debug|Any CPU
		Debug|ARM = Debug|ARM
		Debug|iPhone = Debug|iPhone
		Debug|iPhoneSimulator = Debug|iPhoneSimulator
		Debug|x64 = Debug|x64
		Debug|x86 = Debug|x86
		Release|Any CPU = Release|Any CPU
		Release|ARM = Release|ARM
		Release|iPhone = Release|iPhone
		Release|iPhoneSimulator = Release|iPhoneSimulator
		Release|x64 = Release|x64
		Release|x86 = Release|x86
	EndGlobalSection
	GlobalSection(ProjectConfigurationPlatforms) = postSolution
		{5CFEE7E2-7AF3-44D1-930A-B93DBAE2EF84}.Ad-Hoc|Any CPU.ActiveCfg = Release|Any CPU
		{5CFEE7E2-7AF3-44D1-930A-B93DBAE2EF84}.Ad-Hoc|Any CPU.Build.0 = Release|Any CPU
		{5CFEE7E2-7AF3-44D1-930A-B93DBAE2EF84}.Ad-Hoc|Any CPU.Deploy.0 = Release|Any CPU
		{5CFEE7E2-7AF3-44D1-930A-B93DBAE2EF84}.Ad-Hoc|ARM.ActiveCfg = Release|Any CPU
		{5CFEE7E2-7AF3-44D1-930A-B93DBAE2EF84}.Ad-Hoc|ARM.Build.0 = Release|Any CPU
		{5CFEE7E2-7AF3-44D1-930A-B93DBAE2EF84}.Ad-Hoc|ARM.Deploy.0 = Release|Any CPU
		{5CFEE7E2-7AF3-44D1-930A-B93DBAE2EF84}.Ad-Hoc|iPhone.ActiveCfg = Release|Any CPU
		{5CFEE7E2-7AF3-44D1-930A-B93DBAE2EF84}.Ad-Hoc|iPhone.Build.0 = Release|Any CPU
		{5CFEE7E2-7AF3-44D1-930A-B93DBAE2EF84}.Ad-Hoc|iPhone.Deploy.0 = Release|Any CPU
		{5CFEE7E2-7AF3-44D1-930A-B93DBAE2EF84}.Ad-Hoc|iPhoneSimulator.ActiveCfg = Release|Any CPU
		{5CFEE7E2-7AF3-44D1-930A-B93DBAE2EF84}.Ad-Hoc|iPhoneSimulator.Build.0 = Release|Any CPU
		{5CFEE7E2-7AF3-44D1-930A-B93DBAE2EF84}.Ad-Hoc|iPhoneSimulator.Deploy.0 = Release|Any CPU
		{5CFEE7E2-7AF3-44D1-930A-B93DBAE2EF84}.Ad-Hoc|x64.ActiveCfg = Release|Any CPU
		{5CFEE7E2-7AF3-44D1-930A-B93DBAE2EF84}.Ad-Hoc|x64.Build.0 = Release|Any CPU
		{5CFEE7E2-7AF3-44D1-930A-B93DBAE2EF84}.Ad-Hoc|x64.Deploy.0 = Release|Any CPU
		{5CFEE7E2-7AF3-44D1-930A-B93DBAE2EF84}.Ad-Hoc|x86.ActiveCfg = Release|Any CPU
		{5CFEE7E2-7AF3-44D1-930A-B93DBAE2EF84}.Ad-Hoc|x86.Build.0 = Release|Any CPU
		{5CFEE7E2-7AF3-44D1-930A-B93DBAE2EF84}.Ad-Hoc|x86.Deploy.0 = Release|Any CPU
		{5CFEE7E2-7AF3-44D1-930A-B93DBAE2EF84}.AppStore|Any CPU.ActiveCfg = Release|Any CPU
		{5CFEE7E2-7AF3-44D1-930A-B93DBAE2EF84}.AppStore|Any CPU.Build.0 = Release|Any CPU
		{5CFEE7E2-7AF3-44D1-930A-B93DBAE2EF84}.AppStore|Any CPU.Deploy.0 = Release|Any CPU
		{5CFEE7E2-7AF3-44D1-930A-B93DBAE2EF84}.AppStore|ARM.ActiveCfg = Release|Any CPU
		{5CFEE7E2-7AF3-44D1-930A-B93DBAE2EF84}.AppStore|ARM.Build.0 = Release|Any CPU
		{5CFEE7E2-7AF3-44D1-930A-B93DBAE2EF84}.AppStore|ARM.Deploy.0 = Release|Any CPU
		{5CFEE7E2-7AF3-44D1-930A-B93DBAE2EF84}.AppStore|iPhone.ActiveCfg = Release|Any CPU
		{5CFEE7E2-7AF3-44D1-930A-B93DBAE2EF84}.AppStore|iPhone.Build.0 = Release|Any CPU
		{5CFEE7E2-7AF3-44D1-930A-B93DBAE2EF84}.AppStore|iPhone.Deploy.0 = Release|Any CPU
		{5CFEE7E2-7AF3-44D1-930A-B93DBAE2EF84}.AppStore|iPhoneSimulator.ActiveCfg = Release|Any CPU
		{5CFEE7E2-7AF3-44D1-930A-B93DBAE2EF84}.AppStore|iPhoneSimulator.Build.0 = Release|Any CPU
		{5CFEE7E2-7AF3-44D1-930A-B93DBAE2EF84}.AppStore|iPhoneSimulator.Deploy.0 = Release|Any CPU
		{5CFEE7E2-7AF3-44D1-930A-B93DBAE2EF84}.AppStore|x64.ActiveCfg = Release|Any CPU
		{5CFEE7E2-7AF3-44D1-930A-B93DBAE2EF84}.AppStore|x64.Build.0 = Release|Any CPU
		{5CFEE7E2-7AF3-44D1-930A-B93DBAE2EF84}.AppStore|x64.Deploy.0 = Release|Any CPU
		{5CFEE7E2-7AF3-44D1-930A-B93DBAE2EF84}.AppStore|x86.ActiveCfg = Release|Any CPU
		{5CFEE7E2-7AF3-44D1-930A-B93DBAE2EF84}.AppStore|x86.Build.0 = Release|Any CPU
		{5CFEE7E2-7AF3-44D1-930A-B93DBAE2EF84}.AppStore|x86.Deploy.0 = Release|Any CPU
		{5CFEE7E2-7AF3-44D1-930A-B93DBAE2EF84}.Debug|Any CPU.ActiveCfg = Debug|Any CPU
		{5CFEE7E2-7AF3-44D1-930A-B93DBAE2EF84}.Debug|Any CPU.Build.0 = Debug|Any CPU
		{5CFEE7E2-7AF3-44D1-930A-B93DBAE2EF84}.Debug|Any CPU.Deploy.0 = Debug|Any CPU
		{5CFEE7E2-7AF3-44D1-930A-B93DBAE2EF84}.Debug|ARM.ActiveCfg = Debug|Any CPU
		{5CFEE7E2-7AF3-44D1-930A-B93DBAE2EF84}.Debug|ARM.Build.0 = Debug|Any CPU
		{5CFEE7E2-7AF3-44D1-930A-B93DBAE2EF84}.Debug|ARM.Deploy.0 = Debug|Any CPU
		{5CFEE7E2-7AF3-44D1-930A-B93DBAE2EF84}.Debug|iPhone.ActiveCfg = Debug|Any CPU
		{5CFEE7E2-7AF3-44D1-930A-B93DBAE2EF84}.Debug|iPhone.Build.0 = Debug|Any CPU
		{5CFEE7E2-7AF3-44D1-930A-B93DBAE2EF84}.Debug|iPhone.Deploy.0 = Debug|Any CPU
		{5CFEE7E2-7AF3-44D1-930A-B93DBAE2EF84}.Debug|iPhoneSimulator.ActiveCfg = Debug|Any CPU
		{5CFEE7E2-7AF3-44D1-930A-B93DBAE2EF84}.Debug|iPhoneSimulator.Build.0 = Debug|Any CPU
		{5CFEE7E2-7AF3-44D1-930A-B93DBAE2EF84}.Debug|iPhoneSimulator.Deploy.0 = Debug|Any CPU
		{5CFEE7E2-7AF3-44D1-930A-B93DBAE2EF84}.Debug|x64.ActiveCfg = Debug|Any CPU
		{5CFEE7E2-7AF3-44D1-930A-B93DBAE2EF84}.Debug|x64.Build.0 = Debug|Any CPU
		{5CFEE7E2-7AF3-44D1-930A-B93DBAE2EF84}.Debug|x64.Deploy.0 = Debug|Any CPU
		{5CFEE7E2-7AF3-44D1-930A-B93DBAE2EF84}.Debug|x86.ActiveCfg = Debug|Any CPU
		{5CFEE7E2-7AF3-44D1-930A-B93DBAE2EF84}.Debug|x86.Build.0 = Debug|Any CPU
		{5CFEE7E2-7AF3-44D1-930A-B93DBAE2EF84}.Debug|x86.Deploy.0 = Debug|Any CPU
		{5CFEE7E2-7AF3-44D1-930A-B93DBAE2EF84}.Release|Any CPU.ActiveCfg = Release|Any CPU
		{5CFEE7E2-7AF3-44D1-930A-B93DBAE2EF84}.Release|Any CPU.Build.0 = Release|Any CPU
		{5CFEE7E2-7AF3-44D1-930A-B93DBAE2EF84}.Release|Any CPU.Deploy.0 = Release|Any CPU
		{5CFEE7E2-7AF3-44D1-930A-B93DBAE2EF84}.Release|ARM.ActiveCfg = Release|Any CPU
		{5CFEE7E2-7AF3-44D1-930A-B93DBAE2EF84}.Release|ARM.Build.0 = Release|Any CPU
		{5CFEE7E2-7AF3-44D1-930A-B93DBAE2EF84}.Release|ARM.Deploy.0 = Release|Any CPU
		{5CFEE7E2-7AF3-44D1-930A-B93DBAE2EF84}.Release|iPhone.ActiveCfg = Release|Any CPU
		{5CFEE7E2-7AF3-44D1-930A-B93DBAE2EF84}.Release|iPhone.Build.0 = Release|Any CPU
		{5CFEE7E2-7AF3-44D1-930A-B93DBAE2EF84}.Release|iPhone.Deploy.0 = Release|Any CPU
		{5CFEE7E2-7AF3-44D1-930A-B93DBAE2EF84}.Release|iPhoneSimulator.ActiveCfg = Release|Any CPU
		{5CFEE7E2-7AF3-44D1-930A-B93DBAE2EF84}.Release|iPhoneSimulator.Build.0 = Release|Any CPU
		{5CFEE7E2-7AF3-44D1-930A-B93DBAE2EF84}.Release|iPhoneSimulator.Deploy.0 = Release|Any CPU
		{5CFEE7E2-7AF3-44D1-930A-B93DBAE2EF84}.Release|x64.ActiveCfg = Release|Any CPU
		{5CFEE7E2-7AF3-44D1-930A-B93DBAE2EF84}.Release|x64.Build.0 = Release|Any CPU
		{5CFEE7E2-7AF3-44D1-930A-B93DBAE2EF84}.Release|x64.Deploy.0 = Release|Any CPU
		{5CFEE7E2-7AF3-44D1-930A-B93DBAE2EF84}.Release|x86.ActiveCfg = Release|Any CPU
		{5CFEE7E2-7AF3-44D1-930A-B93DBAE2EF84}.Release|x86.Build.0 = Release|Any CPU
		{5CFEE7E2-7AF3-44D1-930A-B93DBAE2EF84}.Release|x86.Deploy.0 = Release|Any CPU
		{DA99A2C5-0487-41B8-AB91-A7292606AA6C}.Ad-Hoc|Any CPU.ActiveCfg = Release|Any CPU
		{DA99A2C5-0487-41B8-AB91-A7292606AA6C}.Ad-Hoc|Any CPU.Build.0 = Release|Any CPU
		{DA99A2C5-0487-41B8-AB91-A7292606AA6C}.Ad-Hoc|ARM.ActiveCfg = Release|Any CPU
		{DA99A2C5-0487-41B8-AB91-A7292606AA6C}.Ad-Hoc|ARM.Build.0 = Release|Any CPU
		{DA99A2C5-0487-41B8-AB91-A7292606AA6C}.Ad-Hoc|iPhone.ActiveCfg = Release|Any CPU
		{DA99A2C5-0487-41B8-AB91-A7292606AA6C}.Ad-Hoc|iPhone.Build.0 = Release|Any CPU
		{DA99A2C5-0487-41B8-AB91-A7292606AA6C}.Ad-Hoc|iPhoneSimulator.ActiveCfg = Release|Any CPU
		{DA99A2C5-0487-41B8-AB91-A7292606AA6C}.Ad-Hoc|iPhoneSimulator.Build.0 = Release|Any CPU
		{DA99A2C5-0487-41B8-AB91-A7292606AA6C}.Ad-Hoc|x64.ActiveCfg = Release|Any CPU
		{DA99A2C5-0487-41B8-AB91-A7292606AA6C}.Ad-Hoc|x64.Build.0 = Release|Any CPU
		{DA99A2C5-0487-41B8-AB91-A7292606AA6C}.Ad-Hoc|x86.ActiveCfg = Release|Any CPU
		{DA99A2C5-0487-41B8-AB91-A7292606AA6C}.Ad-Hoc|x86.Build.0 = Release|Any CPU
		{DA99A2C5-0487-41B8-AB91-A7292606AA6C}.AppStore|Any CPU.ActiveCfg = Release|Any CPU
		{DA99A2C5-0487-41B8-AB91-A7292606AA6C}.AppStore|Any CPU.Build.0 = Release|Any CPU
		{DA99A2C5-0487-41B8-AB91-A7292606AA6C}.AppStore|ARM.ActiveCfg = Release|Any CPU
		{DA99A2C5-0487-41B8-AB91-A7292606AA6C}.AppStore|ARM.Build.0 = Release|Any CPU
		{DA99A2C5-0487-41B8-AB91-A7292606AA6C}.AppStore|iPhone.ActiveCfg = Release|Any CPU
		{DA99A2C5-0487-41B8-AB91-A7292606AA6C}.AppStore|iPhone.Build.0 = Release|Any CPU
		{DA99A2C5-0487-41B8-AB91-A7292606AA6C}.AppStore|iPhoneSimulator.ActiveCfg = Release|Any CPU
		{DA99A2C5-0487-41B8-AB91-A7292606AA6C}.AppStore|iPhoneSimulator.Build.0 = Release|Any CPU
		{DA99A2C5-0487-41B8-AB91-A7292606AA6C}.AppStore|x64.ActiveCfg = Release|Any CPU
		{DA99A2C5-0487-41B8-AB91-A7292606AA6C}.AppStore|x64.Build.0 = Release|Any CPU
		{DA99A2C5-0487-41B8-AB91-A7292606AA6C}.AppStore|x86.ActiveCfg = Release|Any CPU
		{DA99A2C5-0487-41B8-AB91-A7292606AA6C}.AppStore|x86.Build.0 = Release|Any CPU
		{DA99A2C5-0487-41B8-AB91-A7292606AA6C}.Debug|Any CPU.ActiveCfg = Debug|Any CPU
		{DA99A2C5-0487-41B8-AB91-A7292606AA6C}.Debug|Any CPU.Build.0 = Debug|Any CPU
		{DA99A2C5-0487-41B8-AB91-A7292606AA6C}.Debug|ARM.ActiveCfg = Debug|Any CPU
		{DA99A2C5-0487-41B8-AB91-A7292606AA6C}.Debug|ARM.Build.0 = Debug|Any CPU
		{DA99A2C5-0487-41B8-AB91-A7292606AA6C}.Debug|iPhone.ActiveCfg = Debug|Any CPU
		{DA99A2C5-0487-41B8-AB91-A7292606AA6C}.Debug|iPhone.Build.0 = Debug|Any CPU
		{DA99A2C5-0487-41B8-AB91-A7292606AA6C}.Debug|iPhoneSimulator.ActiveCfg = Debug|Any CPU
		{DA99A2C5-0487-41B8-AB91-A7292606AA6C}.Debug|iPhoneSimulator.Build.0 = Debug|Any CPU
		{DA99A2C5-0487-41B8-AB91-A7292606AA6C}.Debug|x64.ActiveCfg = Debug|Any CPU
		{DA99A2C5-0487-41B8-AB91-A7292606AA6C}.Debug|x64.Build.0 = Debug|Any CPU
		{DA99A2C5-0487-41B8-AB91-A7292606AA6C}.Debug|x86.ActiveCfg = Debug|Any CPU
		{DA99A2C5-0487-41B8-AB91-A7292606AA6C}.Debug|x86.Build.0 = Debug|Any CPU
		{DA99A2C5-0487-41B8-AB91-A7292606AA6C}.Release|Any CPU.ActiveCfg = Release|Any CPU
		{DA99A2C5-0487-41B8-AB91-A7292606AA6C}.Release|Any CPU.Build.0 = Release|Any CPU
		{DA99A2C5-0487-41B8-AB91-A7292606AA6C}.Release|ARM.ActiveCfg = Release|Any CPU
		{DA99A2C5-0487-41B8-AB91-A7292606AA6C}.Release|ARM.Build.0 = Release|Any CPU
		{DA99A2C5-0487-41B8-AB91-A7292606AA6C}.Release|iPhone.ActiveCfg = Release|Any CPU
		{DA99A2C5-0487-41B8-AB91-A7292606AA6C}.Release|iPhone.Build.0 = Release|Any CPU
		{DA99A2C5-0487-41B8-AB91-A7292606AA6C}.Release|iPhoneSimulator.ActiveCfg = Release|Any CPU
		{DA99A2C5-0487-41B8-AB91-A7292606AA6C}.Release|iPhoneSimulator.Build.0 = Release|Any CPU
		{DA99A2C5-0487-41B8-AB91-A7292606AA6C}.Release|x64.ActiveCfg = Release|Any CPU
		{DA99A2C5-0487-41B8-AB91-A7292606AA6C}.Release|x64.Build.0 = Release|Any CPU
		{DA99A2C5-0487-41B8-AB91-A7292606AA6C}.Release|x86.ActiveCfg = Release|Any CPU
		{DA99A2C5-0487-41B8-AB91-A7292606AA6C}.Release|x86.Build.0 = Release|Any CPU
		{0183B88D-603C-43C7-8113-8C0CA5D49073}.Ad-Hoc|Any CPU.ActiveCfg = Release|x86
		{0183B88D-603C-43C7-8113-8C0CA5D49073}.Ad-Hoc|Any CPU.Build.0 = Release|x86
		{0183B88D-603C-43C7-8113-8C0CA5D49073}.Ad-Hoc|Any CPU.Deploy.0 = Release|x86
		{0183B88D-603C-43C7-8113-8C0CA5D49073}.Ad-Hoc|ARM.ActiveCfg = Release|ARM
		{0183B88D-603C-43C7-8113-8C0CA5D49073}.Ad-Hoc|ARM.Build.0 = Release|ARM
		{0183B88D-603C-43C7-8113-8C0CA5D49073}.Ad-Hoc|ARM.Deploy.0 = Release|ARM
		{0183B88D-603C-43C7-8113-8C0CA5D49073}.Ad-Hoc|iPhone.ActiveCfg = Release|x86
		{0183B88D-603C-43C7-8113-8C0CA5D49073}.Ad-Hoc|iPhone.Build.0 = Release|x86
		{0183B88D-603C-43C7-8113-8C0CA5D49073}.Ad-Hoc|iPhone.Deploy.0 = Release|x86
		{0183B88D-603C-43C7-8113-8C0CA5D49073}.Ad-Hoc|iPhoneSimulator.ActiveCfg = Release|x86
		{0183B88D-603C-43C7-8113-8C0CA5D49073}.Ad-Hoc|iPhoneSimulator.Build.0 = Release|x86
		{0183B88D-603C-43C7-8113-8C0CA5D49073}.Ad-Hoc|iPhoneSimulator.Deploy.0 = Release|x86
		{0183B88D-603C-43C7-8113-8C0CA5D49073}.Ad-Hoc|x64.ActiveCfg = Release|x64
		{0183B88D-603C-43C7-8113-8C0CA5D49073}.Ad-Hoc|x64.Build.0 = Release|x64
		{0183B88D-603C-43C7-8113-8C0CA5D49073}.Ad-Hoc|x64.Deploy.0 = Release|x64
		{0183B88D-603C-43C7-8113-8C0CA5D49073}.Ad-Hoc|x86.ActiveCfg = Release|x86
		{0183B88D-603C-43C7-8113-8C0CA5D49073}.Ad-Hoc|x86.Build.0 = Release|x86
		{0183B88D-603C-43C7-8113-8C0CA5D49073}.Ad-Hoc|x86.Deploy.0 = Release|x86
		{0183B88D-603C-43C7-8113-8C0CA5D49073}.AppStore|Any CPU.ActiveCfg = Release|x86
		{0183B88D-603C-43C7-8113-8C0CA5D49073}.AppStore|Any CPU.Build.0 = Release|x86
		{0183B88D-603C-43C7-8113-8C0CA5D49073}.AppStore|Any CPU.Deploy.0 = Release|x86
		{0183B88D-603C-43C7-8113-8C0CA5D49073}.AppStore|ARM.ActiveCfg = Release|ARM
		{0183B88D-603C-43C7-8113-8C0CA5D49073}.AppStore|ARM.Build.0 = Release|ARM
		{0183B88D-603C-43C7-8113-8C0CA5D49073}.AppStore|ARM.Deploy.0 = Release|ARM
		{0183B88D-603C-43C7-8113-8C0CA5D49073}.AppStore|iPhone.ActiveCfg = Release|x86
		{0183B88D-603C-43C7-8113-8C0CA5D49073}.AppStore|iPhone.Build.0 = Release|x86
		{0183B88D-603C-43C7-8113-8C0CA5D49073}.AppStore|iPhone.Deploy.0 = Release|x86
		{0183B88D-603C-43C7-8113-8C0CA5D49073}.AppStore|iPhoneSimulator.ActiveCfg = Release|x86
		{0183B88D-603C-43C7-8113-8C0CA5D49073}.AppStore|iPhoneSimulator.Build.0 = Release|x86
		{0183B88D-603C-43C7-8113-8C0CA5D49073}.AppStore|iPhoneSimulator.Deploy.0 = Release|x86
		{0183B88D-603C-43C7-8113-8C0CA5D49073}.AppStore|x64.ActiveCfg = Release|x64
		{0183B88D-603C-43C7-8113-8C0CA5D49073}.AppStore|x64.Build.0 = Release|x64
		{0183B88D-603C-43C7-8113-8C0CA5D49073}.AppStore|x64.Deploy.0 = Release|x64
		{0183B88D-603C-43C7-8113-8C0CA5D49073}.AppStore|x86.ActiveCfg = Release|x86
		{0183B88D-603C-43C7-8113-8C0CA5D49073}.AppStore|x86.Build.0 = Release|x86
		{0183B88D-603C-43C7-8113-8C0CA5D49073}.AppStore|x86.Deploy.0 = Release|x86
		{0183B88D-603C-43C7-8113-8C0CA5D49073}.Debug|Any CPU.ActiveCfg = Debug|x86
		{0183B88D-603C-43C7-8113-8C0CA5D49073}.Debug|ARM.ActiveCfg = Debug|ARM
		{0183B88D-603C-43C7-8113-8C0CA5D49073}.Debug|ARM.Build.0 = Debug|ARM
		{0183B88D-603C-43C7-8113-8C0CA5D49073}.Debug|ARM.Deploy.0 = Debug|ARM
		{0183B88D-603C-43C7-8113-8C0CA5D49073}.Debug|iPhone.ActiveCfg = Debug|x86
		{0183B88D-603C-43C7-8113-8C0CA5D49073}.Debug|iPhoneSimulator.ActiveCfg = Debug|x86
		{0183B88D-603C-43C7-8113-8C0CA5D49073}.Debug|x64.ActiveCfg = Debug|x64
		{0183B88D-603C-43C7-8113-8C0CA5D49073}.Debug|x64.Build.0 = Debug|x64
		{0183B88D-603C-43C7-8113-8C0CA5D49073}.Debug|x64.Deploy.0 = Debug|x64
		{0183B88D-603C-43C7-8113-8C0CA5D49073}.Debug|x86.ActiveCfg = Debug|x86
		{0183B88D-603C-43C7-8113-8C0CA5D49073}.Debug|x86.Build.0 = Debug|x86
		{0183B88D-603C-43C7-8113-8C0CA5D49073}.Debug|x86.Deploy.0 = Debug|x86
		{0183B88D-603C-43C7-8113-8C0CA5D49073}.Release|Any CPU.ActiveCfg = Release|x86
		{0183B88D-603C-43C7-8113-8C0CA5D49073}.Release|ARM.ActiveCfg = Release|ARM
		{0183B88D-603C-43C7-8113-8C0CA5D49073}.Release|ARM.Build.0 = Release|ARM
		{0183B88D-603C-43C7-8113-8C0CA5D49073}.Release|ARM.Deploy.0 = Release|ARM
		{0183B88D-603C-43C7-8113-8C0CA5D49073}.Release|iPhone.ActiveCfg = Release|x86
		{0183B88D-603C-43C7-8113-8C0CA5D49073}.Release|iPhoneSimulator.ActiveCfg = Release|x86
		{0183B88D-603C-43C7-8113-8C0CA5D49073}.Release|x64.ActiveCfg = Release|x64
		{0183B88D-603C-43C7-8113-8C0CA5D49073}.Release|x64.Build.0 = Release|x64
		{0183B88D-603C-43C7-8113-8C0CA5D49073}.Release|x64.Deploy.0 = Release|x64
		{0183B88D-603C-43C7-8113-8C0CA5D49073}.Release|x86.ActiveCfg = Release|x86
		{0183B88D-603C-43C7-8113-8C0CA5D49073}.Release|x86.Build.0 = Release|x86
		{0183B88D-603C-43C7-8113-8C0CA5D49073}.Release|x86.Deploy.0 = Release|x86
		{37EE0617-0411-4E4D-8453-32BD8AAF078E}.Ad-Hoc|Any CPU.ActiveCfg = Ad-Hoc|iPhone
		{37EE0617-0411-4E4D-8453-32BD8AAF078E}.Ad-Hoc|ARM.ActiveCfg = Ad-Hoc|iPhone
		{37EE0617-0411-4E4D-8453-32BD8AAF078E}.Ad-Hoc|iPhone.ActiveCfg = Ad-Hoc|iPhone
		{37EE0617-0411-4E4D-8453-32BD8AAF078E}.Ad-Hoc|iPhone.Build.0 = Ad-Hoc|iPhone
		{37EE0617-0411-4E4D-8453-32BD8AAF078E}.Ad-Hoc|iPhoneSimulator.ActiveCfg = Ad-Hoc|iPhoneSimulator
		{37EE0617-0411-4E4D-8453-32BD8AAF078E}.Ad-Hoc|iPhoneSimulator.Build.0 = Ad-Hoc|iPhoneSimulator
		{37EE0617-0411-4E4D-8453-32BD8AAF078E}.Ad-Hoc|x64.ActiveCfg = Ad-Hoc|iPhone
		{37EE0617-0411-4E4D-8453-32BD8AAF078E}.Ad-Hoc|x86.ActiveCfg = Ad-Hoc|iPhone
		{37EE0617-0411-4E4D-8453-32BD8AAF078E}.AppStore|Any CPU.ActiveCfg = AppStore|iPhone
		{37EE0617-0411-4E4D-8453-32BD8AAF078E}.AppStore|ARM.ActiveCfg = AppStore|iPhone
		{37EE0617-0411-4E4D-8453-32BD8AAF078E}.AppStore|iPhone.ActiveCfg = AppStore|iPhone
		{37EE0617-0411-4E4D-8453-32BD8AAF078E}.AppStore|iPhone.Build.0 = AppStore|iPhone
		{37EE0617-0411-4E4D-8453-32BD8AAF078E}.AppStore|iPhoneSimulator.ActiveCfg = AppStore|iPhoneSimulator
		{37EE0617-0411-4E4D-8453-32BD8AAF078E}.AppStore|iPhoneSimulator.Build.0 = AppStore|iPhoneSimulator
		{37EE0617-0411-4E4D-8453-32BD8AAF078E}.AppStore|x64.ActiveCfg = AppStore|iPhone
		{37EE0617-0411-4E4D-8453-32BD8AAF078E}.AppStore|x86.ActiveCfg = AppStore|iPhone
		{37EE0617-0411-4E4D-8453-32BD8AAF078E}.Debug|Any CPU.ActiveCfg = Debug|iPhone
		{37EE0617-0411-4E4D-8453-32BD8AAF078E}.Debug|ARM.ActiveCfg = Debug|iPhone
		{37EE0617-0411-4E4D-8453-32BD8AAF078E}.Debug|iPhone.ActiveCfg = Debug|iPhone
		{37EE0617-0411-4E4D-8453-32BD8AAF078E}.Debug|iPhone.Build.0 = Debug|iPhone
		{37EE0617-0411-4E4D-8453-32BD8AAF078E}.Debug|iPhoneSimulator.ActiveCfg = Debug|iPhoneSimulator
		{37EE0617-0411-4E4D-8453-32BD8AAF078E}.Debug|iPhoneSimulator.Build.0 = Debug|iPhoneSimulator
		{37EE0617-0411-4E4D-8453-32BD8AAF078E}.Debug|x64.ActiveCfg = Debug|iPhone
		{37EE0617-0411-4E4D-8453-32BD8AAF078E}.Debug|x86.ActiveCfg = Debug|iPhone
		{37EE0617-0411-4E4D-8453-32BD8AAF078E}.Release|Any CPU.ActiveCfg = Release|iPhone
		{37EE0617-0411-4E4D-8453-32BD8AAF078E}.Release|ARM.ActiveCfg = Release|iPhone
		{37EE0617-0411-4E4D-8453-32BD8AAF078E}.Release|iPhone.ActiveCfg = Release|iPhone
		{37EE0617-0411-4E4D-8453-32BD8AAF078E}.Release|iPhone.Build.0 = Release|iPhone
		{37EE0617-0411-4E4D-8453-32BD8AAF078E}.Release|iPhoneSimulator.ActiveCfg = Release|iPhoneSimulator
		{37EE0617-0411-4E4D-8453-32BD8AAF078E}.Release|iPhoneSimulator.Build.0 = Release|iPhoneSimulator
		{37EE0617-0411-4E4D-8453-32BD8AAF078E}.Release|x64.ActiveCfg = Release|iPhone
		{37EE0617-0411-4E4D-8453-32BD8AAF078E}.Release|x86.ActiveCfg = Release|iPhone
	EndGlobalSection
	GlobalSection(SolutionProperties) = preSolution
		HideSolutionNode = FALSE
	EndGlobalSection
EndGlobal
